
Microsoft Visual Studio Solution File, Format Version 12.00
# Visual Studio 15
VisualStudioVersion = 15.0.28010.2003
MinimumVisualStudioVersion = 10.0.40219.1
Project("{FAE04EC0-301F-11D3-BF4B-00C04F79EFBC}") = "PinToTaskbarHelperUI", "PinToTaskbarHelperUI\PinToTaskbarHelperUI.csproj", "{6307F596-64AE-4901-BB7B-655DA74852D0}"
EndProject
Project("{FAE04EC0-301F-11D3-BF4B-00C04F79EFBC}") = "PinToTaskbarHelper", "PinToTaskbarHelper\PinToTaskbarHelper.csproj", "{69E9DEAC-FB49-4E0E-BBE3-2AD8D96836D2}"
EndProject
Project("{FAE04EC0-301F-11D3-BF4B-00C04F79EFBC}") = "PinToTaskbarHelper.Library", "PinToTaskbarHelper.Library\PinToTaskbarHelper.Library.csproj", "{92A63216-246B-47B5-8EAE-6180B0726A07}"
EndProject
Global
	GlobalSection(SolutionConfigurationPlatforms) = preSolution
		Debug|Any CPU = Debug|Any CPU
		Release|Any CPU = Release|Any CPU
	EndGlobalSection
	GlobalSection(ProjectConfigurationPlatforms) = postSolution
		{6307F596-64AE-4901-BB7B-655DA74852D0}.Debug|Any CPU.ActiveCfg = Debug|Any CPU
		{6307F596-64AE-4901-BB7B-655DA74852D0}.Debug|Any CPU.Build.0 = Debug|Any CPU
		{6307F596-64AE-4901-BB7B-655DA74852D0}.Release|Any CPU.ActiveCfg = Release|Any CPU
		{6307F596-64AE-4901-BB7B-655DA74852D0}.Release|Any CPU.Build.0 = Release|Any CPU
		{69E9DEAC-FB49-4E0E-BBE3-2AD8D96836D2}.Debug|Any CPU.ActiveCfg = Debug|Any CPU
		{69E9DEAC-FB49-4E0E-BBE3-2AD8D96836D2}.Debug|Any CPU.Build.0 = Debug|Any CPU
		{69E9DEAC-FB49-4E0E-BBE3-2AD8D96836D2}.Release|Any CPU.ActiveCfg = Release|Any CPU
		{69E9DEAC-FB49-4E0E-BBE3-2AD8D96836D2}.Release|Any CPU.Build.0 = Release|Any CPU
		{92A63216-246B-47B5-8EAE-6180B0726A07}.Debug|Any CPU.ActiveCfg = Debug|Any CPU
		{92A63216-246B-47B5-8EAE-6180B0726A07}.Debug|Any CPU.Build.0 = Debug|Any CPU
		{92A63216-246B-47B5-8EAE-6180B0726A07}.Release|Any CPU.ActiveCfg = Release|Any CPU
		{92A63216-246B-47B5-8EAE-6180B0726A07}.Release|Any CPU.Build.0 = Release|Any CPU
	EndGlobalSection
	GlobalSection(SolutionProperties) = preSolution
		HideSolutionNode = FALSE
	EndGlobalSection
	GlobalSection(ExtensibilityGlobals) = postSolution
		SolutionGuid = {71FF5DE4-6F02-40DF-8515-0E7F74DB752B}
	EndGlobalSection
EndGlobal
